// !$*UTF8*$!
{
	archiveVersion = 1;
	classes = {
	};
	objectVersion = 46;
	objects = {

/* Begin PBXBuildFile section */
		001063261E8F070300CEAEA2 /* DetailWeatherDataView.swift in Sources */ = {isa = PBXBuildFile; fileRef = 001063251E8F070300CEAEA2 /* DetailWeatherDataView.swift */; };
		006B8BEB23BCFCEC00AF11C6 /* SceneDelegate.swift in Sources */ = {isa = PBXBuildFile; fileRef = 006B8BEA23BCFCEC00AF11C6 /* SceneDelegate.swift */; };
		0073412F1E7372F1007F0B65 /* WeatherDetailController.swift in Sources */ = {isa = PBXBuildFile; fileRef = 0073412E1E7372F1007F0B65 /* WeatherDetailController.swift */; };
		0076A1C51E64A7C1002A026D /* WeatherTableView.swift in Sources */ = {isa = PBXBuildFile; fileRef = 0076A1C41E64A7C1002A026D /* WeatherTableView.swift */; };
		009528C71E8052AC006D4467 /* ionicons.ttf in Resources */ = {isa = PBXBuildFile; fileRef = 009528C61E80528C006D4467 /* ionicons.ttf */; };
		009528C91E806FA4006D4467 /* LocationManager.swift in Sources */ = {isa = PBXBuildFile; fileRef = 009528C81E806FA4006D4467 /* LocationManager.swift */; };
		009528CD1E80869D006D4467 /* APIClient+URL.swift in Sources */ = {isa = PBXBuildFile; fileRef = 009528CC1E80869D006D4467 /* APIClient+URL.swift */; };
		00A59D611E6E06DC009B9C39 /* DailyWeatherCell.swift in Sources */ = {isa = PBXBuildFile; fileRef = 00A59D601E6E06DC009B9C39 /* DailyWeatherCell.swift */; };
		00A59D631E6E087F009B9C39 /* Date.swift in Sources */ = {isa = PBXBuildFile; fileRef = 00A59D621E6E087F009B9C39 /* Date.swift */; };
		00A59D651E6E10D9009B9C39 /* DailyWeatherTable.swift in Sources */ = {isa = PBXBuildFile; fileRef = 00A59D641E6E10D9009B9C39 /* DailyWeatherTable.swift */; };
		00A59D671E6E1EC1009B9C39 /* DetailWeatherView.swift in Sources */ = {isa = PBXBuildFile; fileRef = 00A59D661E6E1EC1009B9C39 /* DetailWeatherView.swift */; };
		00A7F3791E816717008B1077 /* LocationPickerView.swift in Sources */ = {isa = PBXBuildFile; fileRef = 00A7F3781E816717008B1077 /* LocationPickerView.swift */; };
		00A7F37B1E817494008B1077 /* LocationPickerController.swift in Sources */ = {isa = PBXBuildFile; fileRef = 00A7F37A1E817494008B1077 /* LocationPickerController.swift */; };
		00A7F37E1E818367008B1077 /* MapKit.framework in Frameworks */ = {isa = PBXBuildFile; fileRef = 00A7F37D1E818367008B1077 /* MapKit.framework */; };
		00B9A7171E5267C900D675AB /* AppDelegate.swift in Sources */ = {isa = PBXBuildFile; fileRef = 00B9A7161E5267C900D675AB /* AppDelegate.swift */; };
		00B9A71E1E5267C900D675AB /* Assets.xcassets in Resources */ = {isa = PBXBuildFile; fileRef = 00B9A71D1E5267C900D675AB /* Assets.xcassets */; };
		00B9A7211E5267C900D675AB /* LaunchScreen.storyboard in Resources */ = {isa = PBXBuildFile; fileRef = 00B9A71F1E5267C900D675AB /* LaunchScreen.storyboard */; };
		00B9A72C1E5267C900D675AB /* MeteorologistTests.swift in Sources */ = {isa = PBXBuildFile; fileRef = 00B9A72B1E5267C900D675AB /* MeteorologistTests.swift */; };
		00B9A7371E5267C900D675AB /* MeteorologistUITests.swift in Sources */ = {isa = PBXBuildFile; fileRef = 00B9A7361E5267C900D675AB /* MeteorologistUITests.swift */; };
		00B9A7451E52694B00D675AB /* APIClient.swift in Sources */ = {isa = PBXBuildFile; fileRef = 00B9A7441E52694B00D675AB /* APIClient.swift */; };
		00B9A7471E526BDA00D675AB /* weathericons-regular-webfont.ttf in Resources */ = {isa = PBXBuildFile; fileRef = 00B9A7461E526BDA00D675AB /* weathericons-regular-webfont.ttf */; };
		00B9A7491E526C4100D675AB /* WeatherIcons.swift in Sources */ = {isa = PBXBuildFile; fileRef = 00B9A7481E526C4100D675AB /* WeatherIcons.swift */; };
		00BA6B0B1E68C5A00088151D /* GradientView.swift in Sources */ = {isa = PBXBuildFile; fileRef = 00BA6B0A1E68C5A00088151D /* GradientView.swift */; };
		00BA6B0D1E68CDDB0088151D /* WeatherMasterController.swift in Sources */ = {isa = PBXBuildFile; fileRef = 00BA6B0C1E68CDDB0088151D /* WeatherMasterController.swift */; };
		00BA6B0F1E68D5AF0088151D /* JSONFetcher.swift in Sources */ = {isa = PBXBuildFile; fileRef = 00BA6B0E1E68D5AF0088151D /* JSONFetcher.swift */; };
		00BA6B111E68D7500088151D /* WeatherData.swift in Sources */ = {isa = PBXBuildFile; fileRef = 00BA6B101E68D7500088151D /* WeatherData.swift */; };
		00C4E38820CAF6D700B98867 /* Secure.swift in Sources */ = {isa = PBXBuildFile; fileRef = 00C4E38720CAF6D700B98867 /* Secure.swift */; };
		00E2F16D2392E9D9000AC255 /* CurrentWeatherView.swift in Sources */ = {isa = PBXBuildFile; fileRef = 00E2F16C2392E9D9000AC255 /* CurrentWeatherView.swift */; };
		00E2F16F23931520000AC255 /* ForecastList.swift in Sources */ = {isa = PBXBuildFile; fileRef = 00E2F16E23931520000AC255 /* ForecastList.swift */; };
		00E2F17123931B18000AC255 /* MainView.swift in Sources */ = {isa = PBXBuildFile; fileRef = 00E2F17023931B18000AC255 /* MainView.swift */; };
/* End PBXBuildFile section */

/* Begin PBXContainerItemProxy section */
		00B9A7281E5267C900D675AB /* PBXContainerItemProxy */ = {
			isa = PBXContainerItemProxy;
			containerPortal = 00B9A70B1E5267C900D675AB /* Project object */;
			proxyType = 1;
			remoteGlobalIDString = 00B9A7121E5267C900D675AB;
			remoteInfo = Meteorologist;
		};
		00B9A7331E5267C900D675AB /* PBXContainerItemProxy */ = {
			isa = PBXContainerItemProxy;
			containerPortal = 00B9A70B1E5267C900D675AB /* Project object */;
			proxyType = 1;
			remoteGlobalIDString = 00B9A7121E5267C900D675AB;
			remoteInfo = Meteorologist;
		};
/* End PBXContainerItemProxy section */

/* Begin PBXFileReference section */
		001063251E8F070300CEAEA2 /* DetailWeatherDataView.swift */ = {isa = PBXFileReference; fileEncoding = 4; lastKnownFileType = sourcecode.swift; path = DetailWeatherDataView.swift; sourceTree = "<group>"; };
		006B8BEA23BCFCEC00AF11C6 /* SceneDelegate.swift */ = {isa = PBXFileReference; lastKnownFileType = sourcecode.swift; path = SceneDelegate.swift; sourceTree = "<group>"; };
		0073412E1E7372F1007F0B65 /* WeatherDetailController.swift */ = {isa = PBXFileReference; fileEncoding = 4; lastKnownFileType = sourcecode.swift; path = WeatherDetailController.swift; sourceTree = "<group>"; };
		0076A1C41E64A7C1002A026D /* WeatherTableView.swift */ = {isa = PBXFileReference; fileEncoding = 4; lastKnownFileType = sourcecode.swift; path = WeatherTableView.swift; sourceTree = "<group>"; };
		009528C61E80528C006D4467 /* ionicons.ttf */ = {isa = PBXFileReference; lastKnownFileType = file; path = ionicons.ttf; sourceTree = "<group>"; };
		009528C81E806FA4006D4467 /* LocationManager.swift */ = {isa = PBXFileReference; fileEncoding = 4; lastKnownFileType = sourcecode.swift; path = LocationManager.swift; sourceTree = "<group>"; };
		009528CC1E80869D006D4467 /* APIClient+URL.swift */ = {isa = PBXFileReference; fileEncoding = 4; lastKnownFileType = sourcecode.swift; path = "APIClient+URL.swift"; sourceTree = "<group>"; };
		00A59D601E6E06DC009B9C39 /* DailyWeatherCell.swift */ = {isa = PBXFileReference; fileEncoding = 4; lastKnownFileType = sourcecode.swift; path = DailyWeatherCell.swift; sourceTree = "<group>"; };
		00A59D621E6E087F009B9C39 /* Date.swift */ = {isa = PBXFileReference; fileEncoding = 4; lastKnownFileType = sourcecode.swift; path = Date.swift; sourceTree = "<group>"; };
		00A59D641E6E10D9009B9C39 /* DailyWeatherTable.swift */ = {isa = PBXFileReference; fileEncoding = 4; lastKnownFileType = sourcecode.swift; path = DailyWeatherTable.swift; sourceTree = "<group>"; };
		00A59D661E6E1EC1009B9C39 /* DetailWeatherView.swift */ = {isa = PBXFileReference; fileEncoding = 4; lastKnownFileType = sourcecode.swift; path = DetailWeatherView.swift; sourceTree = "<group>"; };
		00A7F3781E816717008B1077 /* LocationPickerView.swift */ = {isa = PBXFileReference; fileEncoding = 4; lastKnownFileType = sourcecode.swift; path = LocationPickerView.swift; sourceTree = "<group>"; };
		00A7F37A1E817494008B1077 /* LocationPickerController.swift */ = {isa = PBXFileReference; fileEncoding = 4; lastKnownFileType = sourcecode.swift; path = LocationPickerController.swift; sourceTree = "<group>"; };
		00A7F37D1E818367008B1077 /* MapKit.framework */ = {isa = PBXFileReference; lastKnownFileType = wrapper.framework; name = MapKit.framework; path = System/Library/Frameworks/MapKit.framework; sourceTree = SDKROOT; };
		00B9A7131E5267C900D675AB /* Meteorologist.app */ = {isa = PBXFileReference; explicitFileType = wrapper.application; includeInIndex = 0; path = Meteorologist.app; sourceTree = BUILT_PRODUCTS_DIR; };
		00B9A7161E5267C900D675AB /* AppDelegate.swift */ = {isa = PBXFileReference; lastKnownFileType = sourcecode.swift; path = AppDelegate.swift; sourceTree = "<group>"; };
		00B9A71D1E5267C900D675AB /* Assets.xcassets */ = {isa = PBXFileReference; lastKnownFileType = folder.assetcatalog; path = Assets.xcassets; sourceTree = "<group>"; };
		00B9A7201E5267C900D675AB /* Base */ = {isa = PBXFileReference; lastKnownFileType = file.storyboard; name = Base; path = Base.lproj/LaunchScreen.storyboard; sourceTree = "<group>"; };
		00B9A7221E5267C900D675AB /* Info.plist */ = {isa = PBXFileReference; lastKnownFileType = text.plist.xml; path = Info.plist; sourceTree = "<group>"; };
		00B9A7271E5267C900D675AB /* MeteorologistTests.xctest */ = {isa = PBXFileReference; explicitFileType = wrapper.cfbundle; includeInIndex = 0; path = MeteorologistTests.xctest; sourceTree = BUILT_PRODUCTS_DIR; };
		00B9A72B1E5267C900D675AB /* MeteorologistTests.swift */ = {isa = PBXFileReference; lastKnownFileType = sourcecode.swift; path = MeteorologistTests.swift; sourceTree = "<group>"; };
		00B9A72D1E5267C900D675AB /* Info.plist */ = {isa = PBXFileReference; lastKnownFileType = text.plist.xml; path = Info.plist; sourceTree = "<group>"; };
		00B9A7321E5267C900D675AB /* MeteorologistUITests.xctest */ = {isa = PBXFileReference; explicitFileType = wrapper.cfbundle; includeInIndex = 0; path = MeteorologistUITests.xctest; sourceTree = BUILT_PRODUCTS_DIR; };
		00B9A7361E5267C900D675AB /* MeteorologistUITests.swift */ = {isa = PBXFileReference; lastKnownFileType = sourcecode.swift; path = MeteorologistUITests.swift; sourceTree = "<group>"; };
		00B9A7381E5267C900D675AB /* Info.plist */ = {isa = PBXFileReference; lastKnownFileType = text.plist.xml; path = Info.plist; sourceTree = "<group>"; };
		00B9A7441E52694B00D675AB /* APIClient.swift */ = {isa = PBXFileReference; fileEncoding = 4; lastKnownFileType = sourcecode.swift; path = APIClient.swift; sourceTree = "<group>"; };
		00B9A7461E526BDA00D675AB /* weathericons-regular-webfont.ttf */ = {isa = PBXFileReference; lastKnownFileType = file; path = "weathericons-regular-webfont.ttf"; sourceTree = "<group>"; };
		00B9A7481E526C4100D675AB /* WeatherIcons.swift */ = {isa = PBXFileReference; fileEncoding = 4; lastKnownFileType = sourcecode.swift; path = WeatherIcons.swift; sourceTree = "<group>"; };
		00BA6B0A1E68C5A00088151D /* GradientView.swift */ = {isa = PBXFileReference; fileEncoding = 4; lastKnownFileType = sourcecode.swift; path = GradientView.swift; sourceTree = "<group>"; };
		00BA6B0C1E68CDDB0088151D /* WeatherMasterController.swift */ = {isa = PBXFileReference; fileEncoding = 4; lastKnownFileType = sourcecode.swift; path = WeatherMasterController.swift; sourceTree = "<group>"; };
		00BA6B0E1E68D5AF0088151D /* JSONFetcher.swift */ = {isa = PBXFileReference; fileEncoding = 4; lastKnownFileType = sourcecode.swift; path = JSONFetcher.swift; sourceTree = "<group>"; };
		00BA6B101E68D7500088151D /* WeatherData.swift */ = {isa = PBXFileReference; fileEncoding = 4; lastKnownFileType = sourcecode.swift; path = WeatherData.swift; sourceTree = "<group>"; };
		00C4E38720CAF6D700B98867 /* Secure.swift */ = {isa = PBXFileReference; lastKnownFileType = sourcecode.swift; path = Secure.swift; sourceTree = "<group>"; };
		00E2F16C2392E9D9000AC255 /* CurrentWeatherView.swift */ = {isa = PBXFileReference; lastKnownFileType = sourcecode.swift; path = CurrentWeatherView.swift; sourceTree = "<group>"; };
		00E2F16E23931520000AC255 /* ForecastList.swift */ = {isa = PBXFileReference; lastKnownFileType = sourcecode.swift; path = ForecastList.swift; sourceTree = "<group>"; };
		00E2F17023931B18000AC255 /* MainView.swift */ = {isa = PBXFileReference; lastKnownFileType = sourcecode.swift; path = MainView.swift; sourceTree = "<group>"; };
/* End PBXFileReference section */

/* Begin PBXFrameworksBuildPhase section */
		00B9A7101E5267C900D675AB /* Frameworks */ = {
			isa = PBXFrameworksBuildPhase;
			buildActionMask = 2147483647;
			files = (
				00A7F37E1E818367008B1077 /* MapKit.framework in Frameworks */,
			);
			runOnlyForDeploymentPostprocessing = 0;
		};
		00B9A7241E5267C900D675AB /* Frameworks */ = {
			isa = PBXFrameworksBuildPhase;
			buildActionMask = 2147483647;
			files = (
			);
			runOnlyForDeploymentPostprocessing = 0;
		};
		00B9A72F1E5267C900D675AB /* Frameworks */ = {
			isa = PBXFrameworksBuildPhase;
			buildActionMask = 2147483647;
			files = (
			);
			runOnlyForDeploymentPostprocessing = 0;
		};
/* End PBXFrameworksBuildPhase section */

/* Begin PBXGroup section */
		00A59D5D1E6E0652009B9C39 /* Models */ = {
			isa = PBXGroup;
			children = (
				00B9A7441E52694B00D675AB /* APIClient.swift */,
				00B9A7481E526C4100D675AB /* WeatherIcons.swift */,
				00BA6B0E1E68D5AF0088151D /* JSONFetcher.swift */,
				00BA6B101E68D7500088151D /* WeatherData.swift */,
				00A59D621E6E087F009B9C39 /* Date.swift */,
				009528C81E806FA4006D4467 /* LocationManager.swift */,
				009528CC1E80869D006D4467 /* APIClient+URL.swift */,
			);
			name = Models;
			sourceTree = "<group>";
		};
		00A59D5E1E6E066F009B9C39 /* Views */ = {
			isa = PBXGroup;
			children = (
				00B9A71D1E5267C900D675AB /* Assets.xcassets */,
				00B9A71F1E5267C900D675AB /* LaunchScreen.storyboard */,
				0076A1C41E64A7C1002A026D /* WeatherTableView.swift */,
				00BA6B0A1E68C5A00088151D /* GradientView.swift */,
				00A59D601E6E06DC009B9C39 /* DailyWeatherCell.swift */,
				00A59D641E6E10D9009B9C39 /* DailyWeatherTable.swift */,
				00A59D661E6E1EC1009B9C39 /* DetailWeatherView.swift */,
				00A7F3781E816717008B1077 /* LocationPickerView.swift */,
				001063251E8F070300CEAEA2 /* DetailWeatherDataView.swift */,
				00E2F16C2392E9D9000AC255 /* CurrentWeatherView.swift */,
				00E2F16E23931520000AC255 /* ForecastList.swift */,
				00E2F17023931B18000AC255 /* MainView.swift */,
			);
			name = Views;
			sourceTree = "<group>";
		};
		00A59D5F1E6E067A009B9C39 /* Controllers */ = {
			isa = PBXGroup;
			children = (
				00BA6B0C1E68CDDB0088151D /* WeatherMasterController.swift */,
				0073412E1E7372F1007F0B65 /* WeatherDetailController.swift */,
				00A7F37A1E817494008B1077 /* LocationPickerController.swift */,
			);
			name = Controllers;
			sourceTree = "<group>";
		};
		00A7F37C1E818367008B1077 /* Frameworks */ = {
			isa = PBXGroup;
			children = (
				00A7F37D1E818367008B1077 /* MapKit.framework */,
			);
			name = Frameworks;
			sourceTree = "<group>";
		};
		00B9A70A1E5267C900D675AB = {
			isa = PBXGroup;
			children = (
				00B9A7151E5267C900D675AB /* Meteorologist */,
				00B9A72A1E5267C900D675AB /* MeteorologistTests */,
				00B9A7351E5267C900D675AB /* MeteorologistUITests */,
				00B9A7141E5267C900D675AB /* Products */,
				00A7F37C1E818367008B1077 /* Frameworks */,
			);
			sourceTree = "<group>";
		};
		00B9A7141E5267C900D675AB /* Products */ = {
			isa = PBXGroup;
			children = (
				00B9A7131E5267C900D675AB /* Meteorologist.app */,
				00B9A7271E5267C900D675AB /* MeteorologistTests.xctest */,
				00B9A7321E5267C900D675AB /* MeteorologistUITests.xctest */,
			);
			name = Products;
			sourceTree = "<group>";
		};
		00B9A7151E5267C900D675AB /* Meteorologist */ = {
			isa = PBXGroup;
			children = (
				00A59D5F1E6E067A009B9C39 /* Controllers */,
				00A59D5E1E6E066F009B9C39 /* Views */,
				00A59D5D1E6E0652009B9C39 /* Models */,
				00B9A7161E5267C900D675AB /* AppDelegate.swift */,
				006B8BEA23BCFCEC00AF11C6 /* SceneDelegate.swift */,
				00B9A7221E5267C900D675AB /* Info.plist */,
				00B9A7461E526BDA00D675AB /* weathericons-regular-webfont.ttf */,
				009528C61E80528C006D4467 /* ionicons.ttf */,
				00C4E38720CAF6D700B98867 /* Secure.swift */,
			);
			path = Meteorologist;
			sourceTree = "<group>";
		};
		00B9A72A1E5267C900D675AB /* MeteorologistTests */ = {
			isa = PBXGroup;
			children = (
				00B9A72B1E5267C900D675AB /* MeteorologistTests.swift */,
				00B9A72D1E5267C900D675AB /* Info.plist */,
			);
			path = MeteorologistTests;
			sourceTree = "<group>";
		};
		00B9A7351E5267C900D675AB /* MeteorologistUITests */ = {
			isa = PBXGroup;
			children = (
				00B9A7361E5267C900D675AB /* MeteorologistUITests.swift */,
				00B9A7381E5267C900D675AB /* Info.plist */,
			);
			path = MeteorologistUITests;
			sourceTree = "<group>";
		};
/* End PBXGroup section */

/* Begin PBXNativeTarget section */
		00B9A7121E5267C900D675AB /* Meteorologist */ = {
			isa = PBXNativeTarget;
			buildConfigurationList = 00B9A73B1E5267C900D675AB /* Build configuration list for PBXNativeTarget "Meteorologist" */;
			buildPhases = (
				00B9A70F1E5267C900D675AB /* Sources */,
				00B9A7101E5267C900D675AB /* Frameworks */,
				00B9A7111E5267C900D675AB /* Resources */,
			);
			buildRules = (
			);
			dependencies = (
			);
			name = Meteorologist;
			productName = Meteorologist;
			productReference = 00B9A7131E5267C900D675AB /* Meteorologist.app */;
			productType = "com.apple.product-type.application";
		};
		00B9A7261E5267C900D675AB /* MeteorologistTests */ = {
			isa = PBXNativeTarget;
			buildConfigurationList = 00B9A73E1E5267C900D675AB /* Build configuration list for PBXNativeTarget "MeteorologistTests" */;
			buildPhases = (
				00B9A7231E5267C900D675AB /* Sources */,
				00B9A7241E5267C900D675AB /* Frameworks */,
				00B9A7251E5267C900D675AB /* Resources */,
			);
			buildRules = (
			);
			dependencies = (
				00B9A7291E5267C900D675AB /* PBXTargetDependency */,
			);
			name = MeteorologistTests;
			productName = MeteorologistTests;
			productReference = 00B9A7271E5267C900D675AB /* MeteorologistTests.xctest */;
			productType = "com.apple.product-type.bundle.unit-test";
		};
		00B9A7311E5267C900D675AB /* MeteorologistUITests */ = {
			isa = PBXNativeTarget;
			buildConfigurationList = 00B9A7411E5267C900D675AB /* Build configuration list for PBXNativeTarget "MeteorologistUITests" */;
			buildPhases = (
				00B9A72E1E5267C900D675AB /* Sources */,
				00B9A72F1E5267C900D675AB /* Frameworks */,
				00B9A7301E5267C900D675AB /* Resources */,
			);
			buildRules = (
			);
			dependencies = (
				00B9A7341E5267C900D675AB /* PBXTargetDependency */,
			);
			name = MeteorologistUITests;
			productName = MeteorologistUITests;
			productReference = 00B9A7321E5267C900D675AB /* MeteorologistUITests.xctest */;
			productType = "com.apple.product-type.bundle.ui-testing";
		};
/* End PBXNativeTarget section */

/* Begin PBXProject section */
		00B9A70B1E5267C900D675AB /* Project object */ = {
			isa = PBXProject;
			attributes = {
				LastSwiftUpdateCheck = 0820;
				LastUpgradeCheck = 1000;
				ORGANIZATIONNAME = "Caleb Kleveter";
				TargetAttributes = {
					00B9A7121E5267C900D675AB = {
						CreatedOnToolsVersion = 8.2.1;
						DevelopmentTeam = 2FCTD2HJA7;
						LastSwiftMigration = 0900;
						ProvisioningStyle = Automatic;
						SystemCapabilities = {
							com.apple.Maps.iOS = {
								enabled = 1;
							};
						};
					};
					00B9A7261E5267C900D675AB = {
						CreatedOnToolsVersion = 8.2.1;
						LastSwiftMigration = 0900;
						ProvisioningStyle = Automatic;
						TestTargetID = 00B9A7121E5267C900D675AB;
					};
					00B9A7311E5267C900D675AB = {
						CreatedOnToolsVersion = 8.2.1;
						LastSwiftMigration = 0900;
						ProvisioningStyle = Automatic;
						TestTargetID = 00B9A7121E5267C900D675AB;
					};
				};
			};
			buildConfigurationList = 00B9A70E1E5267C900D675AB /* Build configuration list for PBXProject "Meteorologist" */;
			compatibilityVersion = "Xcode 3.2";
			developmentRegion = English;
			hasScannedForEncodings = 0;
			knownRegions = (
				English,
				en,
				Base,
			);
			mainGroup = 00B9A70A1E5267C900D675AB;
			productRefGroup = 00B9A7141E5267C900D675AB /* Products */;
			projectDirPath = "";
			projectRoot = "";
			targets = (
				00B9A7121E5267C900D675AB /* Meteorologist */,
				00B9A7261E5267C900D675AB /* MeteorologistTests */,
				00B9A7311E5267C900D675AB /* MeteorologistUITests */,
			);
		};
/* End PBXProject section */

/* Begin PBXResourcesBuildPhase section */
		00B9A7111E5267C900D675AB /* Resources */ = {
			isa = PBXResourcesBuildPhase;
			buildActionMask = 2147483647;
			files = (
				009528C71E8052AC006D4467 /* ionicons.ttf in Resources */,
				00B9A7211E5267C900D675AB /* LaunchScreen.storyboard in Resources */,
				00B9A71E1E5267C900D675AB /* Assets.xcassets in Resources */,
				00B9A7471E526BDA00D675AB /* weathericons-regular-webfont.ttf in Resources */,
			);
			runOnlyForDeploymentPostprocessing = 0;
		};
		00B9A7251E5267C900D675AB /* Resources */ = {
			isa = PBXResourcesBuildPhase;
			buildActionMask = 2147483647;
			files = (
			);
			runOnlyForDeploymentPostprocessing = 0;
		};
		00B9A7301E5267C900D675AB /* Resources */ = {
			isa = PBXResourcesBuildPhase;
			buildActionMask = 2147483647;
			files = (
			);
			runOnlyForDeploymentPostprocessing = 0;
		};
/* End PBXResourcesBuildPhase section */

/* Begin PBXSourcesBuildPhase section */
		00B9A70F1E5267C900D675AB /* Sources */ = {
			isa = PBXSourcesBuildPhase;
			buildActionMask = 2147483647;
			files = (
				00A59D671E6E1EC1009B9C39 /* DetailWeatherView.swift in Sources */,
				00E2F16D2392E9D9000AC255 /* CurrentWeatherView.swift in Sources */,
				00BA6B0D1E68CDDB0088151D /* WeatherMasterController.swift in Sources */,
				00C4E38820CAF6D700B98867 /* Secure.swift in Sources */,
				00A59D631E6E087F009B9C39 /* Date.swift in Sources */,
				0073412F1E7372F1007F0B65 /* WeatherDetailController.swift in Sources */,
				006B8BEB23BCFCEC00AF11C6 /* SceneDelegate.swift in Sources */,
				0076A1C51E64A7C1002A026D /* WeatherTableView.swift in Sources */,
				00E2F17123931B18000AC255 /* MainView.swift in Sources */,
				009528CD1E80869D006D4467 /* APIClient+URL.swift in Sources */,
				00A59D651E6E10D9009B9C39 /* DailyWeatherTable.swift in Sources */,
				00B9A7491E526C4100D675AB /* WeatherIcons.swift in Sources */,
				001063261E8F070300CEAEA2 /* DetailWeatherDataView.swift in Sources */,
				00A7F37B1E817494008B1077 /* LocationPickerController.swift in Sources */,
				00A59D611E6E06DC009B9C39 /* DailyWeatherCell.swift in Sources */,
				00BA6B0B1E68C5A00088151D /* GradientView.swift in Sources */,
				00B9A7171E5267C900D675AB /* AppDelegate.swift in Sources */,
				00A7F3791E816717008B1077 /* LocationPickerView.swift in Sources */,
				00E2F16F23931520000AC255 /* ForecastList.swift in Sources */,
				009528C91E806FA4006D4467 /* LocationManager.swift in Sources */,
				00B9A7451E52694B00D675AB /* APIClient.swift in Sources */,
				00BA6B111E68D7500088151D /* WeatherData.swift in Sources */,
				00BA6B0F1E68D5AF0088151D /* JSONFetcher.swift in Sources */,
			);
			runOnlyForDeploymentPostprocessing = 0;
		};
		00B9A7231E5267C900D675AB /* Sources */ = {
			isa = PBXSourcesBuildPhase;
			buildActionMask = 2147483647;
			files = (
				00B9A72C1E5267C900D675AB /* MeteorologistTests.swift in Sources */,
			);
			runOnlyForDeploymentPostprocessing = 0;
		};
		00B9A72E1E5267C900D675AB /* Sources */ = {
			isa = PBXSourcesBuildPhase;
			buildActionMask = 2147483647;
			files = (
				00B9A7371E5267C900D675AB /* MeteorologistUITests.swift in Sources */,
			);
			runOnlyForDeploymentPostprocessing = 0;
		};
/* End PBXSourcesBuildPhase section */

/* Begin PBXTargetDependency section */
		00B9A7291E5267C900D675AB /* PBXTargetDependency */ = {
			isa = PBXTargetDependency;
			target = 00B9A7121E5267C900D675AB /* Meteorologist */;
			targetProxy = 00B9A7281E5267C900D675AB /* PBXContainerItemProxy */;
		};
		00B9A7341E5267C900D675AB /* PBXTargetDependency */ = {
			isa = PBXTargetDependency;
			target = 00B9A7121E5267C900D675AB /* Meteorologist */;
			targetProxy = 00B9A7331E5267C900D675AB /* PBXContainerItemProxy */;
		};
/* End PBXTargetDependency section */

/* Begin PBXVariantGroup section */
		00B9A71F1E5267C900D675AB /* LaunchScreen.storyboard */ = {
			isa = PBXVariantGroup;
			children = (
				00B9A7201E5267C900D675AB /* Base */,
			);
			name = LaunchScreen.storyboard;
			sourceTree = "<group>";
		};
/* End PBXVariantGroup section */

/* Begin XCBuildConfiguration section */
		00B9A7391E5267C900D675AB /* Debug */ = {
			isa = XCBuildConfiguration;
			buildSettings = {
				ALWAYS_SEARCH_USER_PATHS = NO;
				CLANG_ANALYZER_NONNULL = YES;
				CLANG_CXX_LANGUAGE_STANDARD = "gnu++0x";
				CLANG_CXX_LIBRARY = "libc++";
				CLANG_ENABLE_MODULES = YES;
				CLANG_ENABLE_OBJC_ARC = YES;
				CLANG_WARN_BLOCK_CAPTURE_AUTORELEASING = YES;
				CLANG_WARN_BOOL_CONVERSION = YES;
				CLANG_WARN_COMMA = YES;
				CLANG_WARN_CONSTANT_CONVERSION = YES;
				CLANG_WARN_DEPRECATED_OBJC_IMPLEMENTATIONS = YES;
				CLANG_WARN_DIRECT_OBJC_ISA_USAGE = YES_ERROR;
				CLANG_WARN_DOCUMENTATION_COMMENTS = YES;
				CLANG_WARN_EMPTY_BODY = YES;
				CLANG_WARN_ENUM_CONVERSION = YES;
				CLANG_WARN_INFINITE_RECURSION = YES;
				CLANG_WARN_INT_CONVERSION = YES;
				CLANG_WARN_NON_LITERAL_NULL_CONVERSION = YES;
				CLANG_WARN_OBJC_IMPLICIT_RETAIN_SELF = YES;
				CLANG_WARN_OBJC_LITERAL_CONVERSION = YES;
				CLANG_WARN_OBJC_ROOT_CLASS = YES_ERROR;
				CLANG_WARN_RANGE_LOOP_ANALYSIS = YES;
				CLANG_WARN_STRICT_PROTOTYPES = YES;
				CLANG_WARN_SUSPICIOUS_MOVE = YES;
				CLANG_WARN_UNREACHABLE_CODE = YES;
				CLANG_WARN__DUPLICATE_METHOD_MATCH = YES;
				"CODE_SIGN_IDENTITY[sdk=iphoneos*]" = "iPhone Developer";
				COPY_PHASE_STRIP = NO;
				DEBUG_INFORMATION_FORMAT = dwarf;
				ENABLE_STRICT_OBJC_MSGSEND = YES;
				ENABLE_TESTABILITY = YES;
				GCC_C_LANGUAGE_STANDARD = gnu99;
				GCC_DYNAMIC_NO_PIC = NO;
				GCC_NO_COMMON_BLOCKS = YES;
				GCC_OPTIMIZATION_LEVEL = 0;
				GCC_PREPROCESSOR_DEFINITIONS = (
					"DEBUG=1",
					"$(inherited)",
				);
				GCC_WARN_64_TO_32_BIT_CONVERSION = YES;
				GCC_WARN_ABOUT_RETURN_TYPE = YES_ERROR;
				GCC_WARN_UNDECLARED_SELECTOR = YES;
				GCC_WARN_UNINITIALIZED_AUTOS = YES_AGGRESSIVE;
				GCC_WARN_UNUSED_FUNCTION = YES;
				GCC_WARN_UNUSED_VARIABLE = YES;
				IPHONEOS_DEPLOYMENT_TARGET = 13.0;
				MTL_ENABLE_DEBUG_INFO = YES;
				ONLY_ACTIVE_ARCH = YES;
				SDKROOT = iphoneos;
				SWIFT_ACTIVE_COMPILATION_CONDITIONS = DEBUG;
				SWIFT_OPTIMIZATION_LEVEL = "-Onone";
				TARGETED_DEVICE_FAMILY = "1,2";
			};
			name = Debug;
		};
		00B9A73A1E5267C900D675AB /* Release */ = {
			isa = XCBuildConfiguration;
			buildSettings = {
				ALWAYS_SEARCH_USER_PATHS = NO;
				CLANG_ANALYZER_NONNULL = YES;
				CLANG_CXX_LANGUAGE_STANDARD = "gnu++0x";
				CLANG_CXX_LIBRARY = "libc++";
				CLANG_ENABLE_MODULES = YES;
				CLANG_ENABLE_OBJC_ARC = YES;
				CLANG_WARN_BLOCK_CAPTURE_AUTORELEASING = YES;
				CLANG_WARN_BOOL_CONVERSION = YES;
				CLANG_WARN_COMMA = YES;
				CLANG_WARN_CONSTANT_CONVERSION = YES;
				CLANG_WARN_DEPRECATED_OBJC_IMPLEMENTATIONS = YES;
				CLANG_WARN_DIRECT_OBJC_ISA_USAGE = YES_ERROR;
				CLANG_WARN_DOCUMENTATION_COMMENTS = YES;
				CLANG_WARN_EMPTY_BODY = YES;
				CLANG_WARN_ENUM_CONVERSION = YES;
				CLANG_WARN_INFINITE_RECURSION = YES;
				CLANG_WARN_INT_CONVERSION = YES;
				CLANG_WARN_NON_LITERAL_NULL_CONVERSION = YES;
				CLANG_WARN_OBJC_IMPLICIT_RETAIN_SELF = YES;
				CLANG_WARN_OBJC_LITERAL_CONVERSION = YES;
				CLANG_WARN_OBJC_ROOT_CLASS = YES_ERROR;
				CLANG_WARN_RANGE_LOOP_ANALYSIS = YES;
				CLANG_WARN_STRICT_PROTOTYPES = YES;
				CLANG_WARN_SUSPICIOUS_MOVE = YES;
				CLANG_WARN_UNREACHABLE_CODE = YES;
				CLANG_WARN__DUPLICATE_METHOD_MATCH = YES;
				"CODE_SIGN_IDENTITY[sdk=iphoneos*]" = "iPhone Developer";
				COPY_PHASE_STRIP = NO;
				DEBUG_INFORMATION_FORMAT = "dwarf-with-dsym";
				ENABLE_NS_ASSERTIONS = NO;
				ENABLE_STRICT_OBJC_MSGSEND = YES;
				GCC_C_LANGUAGE_STANDARD = gnu99;
				GCC_NO_COMMON_BLOCKS = YES;
				GCC_WARN_64_TO_32_BIT_CONVERSION = YES;
				GCC_WARN_ABOUT_RETURN_TYPE = YES_ERROR;
				GCC_WARN_UNDECLARED_SELECTOR = YES;
				GCC_WARN_UNINITIALIZED_AUTOS = YES_AGGRESSIVE;
				GCC_WARN_UNUSED_FUNCTION = YES;
				GCC_WARN_UNUSED_VARIABLE = YES;
				IPHONEOS_DEPLOYMENT_TARGET = 13.0;
				MTL_ENABLE_DEBUG_INFO = NO;
				SDKROOT = iphoneos;
				SWIFT_OPTIMIZATION_LEVEL = "-Owholemodule";
				TARGETED_DEVICE_FAMILY = "1,2";
				VALIDATE_PRODUCT = YES;
			};
			name = Release;
		};
		00B9A73C1E5267C900D675AB /* Debug */ = {
			isa = XCBuildConfiguration;
			buildSettings = {
				ASSETCATALOG_COMPILER_APPICON_NAME = AppIcon;
				DEVELOPMENT_TEAM = 2FCTD2HJA7;
				INFOPLIST_FILE = Meteorologist/Info.plist;
				IPHONEOS_DEPLOYMENT_TARGET = 13.0;
				LD_RUNPATH_SEARCH_PATHS = "$(inherited) @executable_path/Frameworks";
				PRODUCT_BUNDLE_IDENTIFIER = "com.caleb-kleveter.Meteorologist";
				PRODUCT_NAME = "$(TARGET_NAME)";
				SWIFT_SWIFT3_OBJC_INFERENCE = Off;
				SWIFT_VERSION = 4.0;
			};
			name = Debug;
		};
		00B9A73D1E5267C900D675AB /* Release */ = {
			isa = XCBuildConfiguration;
			buildSettings = {
				ASSETCATALOG_COMPILER_APPICON_NAME = AppIcon;
				DEVELOPMENT_TEAM = 2FCTD2HJA7;
				INFOPLIST_FILE = Meteorologist/Info.plist;
				IPHONEOS_DEPLOYMENT_TARGET = 13.0;
				LD_RUNPATH_SEARCH_PATHS = "$(inherited) @executable_path/Frameworks";
				PRODUCT_BUNDLE_IDENTIFIER = "com.caleb-kleveter.Meteorologist";
				PRODUCT_NAME = "$(TARGET_NAME)";
				SWIFT_SWIFT3_OBJC_INFERENCE = Off;
				SWIFT_VERSION = 4.0;
			};
			name = Release;
		};
		00B9A73F1E5267C900D675AB /* Debug */ = {
			isa = XCBuildConfiguration;
			buildSettings = {
				ALWAYS_EMBED_SWIFT_STANDARD_LIBRARIES = YES;
				BUNDLE_LOADER = "$(TEST_HOST)";
				INFOPLIST_FILE = MeteorologistTests/Info.plist;
				LD_RUNPATH_SEARCH_PATHS = "$(inherited) @executable_path/Frameworks @loader_path/Frameworks";
				PRODUCT_BUNDLE_IDENTIFIER = "caleb-kleveter.MeteorologistTests";
				PRODUCT_NAME = "$(TARGET_NAME)";
				SWIFT_SWIFT3_OBJC_INFERENCE = On;
				SWIFT_VERSION = 4.0;
				TEST_HOST = "$(BUILT_PRODUCTS_DIR)/Meteorologist.app/Meteorologist";
			};
			name = Debug;
		};
		00B9A7401E5267C900D675AB /* Release */ = {
			isa = XCBuildConfiguration;
			buildSettings = {
				ALWAYS_EMBED_SWIFT_STANDARD_LIBRARIES = YES;
				BUNDLE_LOADER = "$(TEST_HOST)";
				INFOPLIST_FILE = MeteorologistTests/Info.plist;
				LD_RUNPATH_SEARCH_PATHS = "$(inherited) @executable_path/Frameworks @loader_path/Frameworks";
				PRODUCT_BUNDLE_IDENTIFIER = "caleb-kleveter.MeteorologistTests";
				PRODUCT_NAME = "$(TARGET_NAME)";
				SWIFT_SWIFT3_OBJC_INFERENCE = On;
				SWIFT_VERSION = 4.0;
				TEST_HOST = "$(BUILT_PRODUCTS_DIR)/Meteorologist.app/Meteorologist";
			};
			name = Release;
		};
		00B9A7421E5267C900D675AB /* Debug */ = {
			isa = XCBuildConfiguration;
			buildSettings = {
				ALWAYS_EMBED_SWIFT_STANDARD_LIBRARIES = YES;
				INFOPLIST_FILE = MeteorologistUITests/Info.plist;
				LD_RUNPATH_SEARCH_PATHS = "$(inherited) @executable_path/Frameworks @loader_path/Frameworks";
				PRODUCT_BUNDLE_IDENTIFIER = "caleb-kleveter.MeteorologistUITests";
				PRODUCT_NAME = "$(TARGET_NAME)";
				SWIFT_SWIFT3_OBJC_INFERENCE = On;
				SWIFT_VERSION = 4.0;
				TEST_TARGET_NAME = Meteorologist;
			};
			name = Debug;
		};
		00B9A7431E5267C900D675AB /* Release */ = {
			isa = XCBuildConfiguration;
			buildSettings = {
				ALWAYS_EMBED_SWIFT_STANDARD_LIBRARIES = YES;
				INFOPLIST_FILE = MeteorologistUITests/Info.plist;
				LD_RUNPATH_SEARCH_PATHS = "$(inherited) @executable_path/Frameworks @loader_path/Frameworks";
				PRODUCT_BUNDLE_IDENTIFIER = "caleb-kleveter.MeteorologistUITests";
				PRODUCT_NAME = "$(TARGET_NAME)";
				SWIFT_SWIFT3_OBJC_INFERENCE = On;
				SWIFT_VERSION = 4.0;
				TEST_TARGET_NAME = Meteorologist;
			};
			name = Release;
		};
/* End XCBuildConfiguration section */

/* Begin XCConfigurationList section */
		00B9A70E1E5267C900D675AB /* Build configuration list for PBXProject "Meteorologist" */ = {
			isa = XCConfigurationList;
			buildConfigurations = (
				00B9A7391E5267C900D675AB /* Debug */,
				00B9A73A1E5267C900D675AB /* Release */,
			);
			defaultConfigurationIsVisible = 0;
			defaultConfigurationName = Release;
		};
		00B9A73B1E5267C900D675AB /* Build configuration list for PBXNativeTarget "Meteorologist" */ = {
			isa = XCConfigurationList;
			buildConfigurations = (
				00B9A73C1E5267C900D675AB /* Debug */,
				00B9A73D1E5267C900D675AB /* Release */,
			);
			defaultConfigurationIsVisible = 0;
			defaultConfigurationName = Release;
		};
		00B9A73E1E5267C900D675AB /* Build configuration list for PBXNativeTarget "MeteorologistTests" */ = {
			isa = XCConfigurationList;
			buildConfigurations = (
				00B9A73F1E5267C900D675AB /* Debug */,
				00B9A7401E5267C900D675AB /* Release */,
			);
			defaultConfigurationIsVisible = 0;
			defaultConfigurationName = Release;
		};
		00B9A7411E5267C900D675AB /* Build configuration list for PBXNativeTarget "MeteorologistUITests" */ = {
			isa = XCConfigurationList;
			buildConfigurations = (
				00B9A7421E5267C900D675AB /* Debug */,
				00B9A7431E5267C900D675AB /* Release */,
			);
			defaultConfigurationIsVisible = 0;
			defaultConfigurationName = Release;
		};
/* End XCConfigurationList section */
	};
	rootObject = 00B9A70B1E5267C900D675AB /* Project object */;
}
